
Microsoft Visual Studio Solution File, Format Version 12.00
# Visual Studio 14
VisualStudioVersion = 14.0.22310.1
MinimumVisualStudioVersion = 10.0.40219.1
Project("{2150E333-8FDC-42A3-9474-1A3956D46DE8}") = "Engine", "Engine", "{E642E98A-DB6A-4C71-94AE-1DA83E2BF9D3}"
EndProject
Project("{2150E333-8FDC-42A3-9474-1A3956D46DE8}") = "Games", "Games", "{8B77EBFF-FD05-4824-B27F-6B9692FD59CB}"
EndProject
Project("{8BC9CEB8-8B4A-11D0-8D11-00A0C91BC942}") = "UE4", "Intermediate\ProjectFiles\UE4.vcxproj", "{B642F7BD-CEA4-4566-8F47-D7DD56CF208F}"
EndProject
Project("{8BC9CEB8-8B4A-11D0-8D11-00A0C91BC942}") = "ShantaeRipoff", "Intermediate\ProjectFiles\ShantaeRipoff.vcxproj", "{653CA320-8F4C-464B-AE36-D2C7AE51E867}"
EndProject
Global
	GlobalSection(SolutionConfigurationPlatforms) = preSolution
		DebugGame Editor|HTML5 = DebugGame Editor|HTML5
		DebugGame Editor|IOS = DebugGame Editor|IOS
		DebugGame Editor|Win32 = DebugGame Editor|Win32
		DebugGame Editor|Win64 = DebugGame Editor|Win64
		DebugGame|HTML5 = DebugGame|HTML5
		DebugGame|IOS = DebugGame|IOS
		DebugGame|Win32 = DebugGame|Win32
		DebugGame|Win64 = DebugGame|Win64
		Development Editor|HTML5 = Development Editor|HTML5
		Development Editor|IOS = Development Editor|IOS
		Development Editor|Win32 = Development Editor|Win32
		Development Editor|Win64 = Development Editor|Win64
		Development|HTML5 = Development|HTML5
		Development|IOS = Development|IOS
		Development|Win32 = Development|Win32
		Development|Win64 = Development|Win64
		Shipping|HTML5 = Shipping|HTML5
		Shipping|IOS = Shipping|IOS
		Shipping|Win32 = Shipping|Win32
		Shipping|Win64 = Shipping|Win64
	EndGlobalSection
	GlobalSection(ProjectConfigurationPlatforms) = postSolution
		{653CA320-8F4C-464B-AE36-D2C7AE51E867}.DebugGame Editor|HTML5.ActiveCfg = HTML5_DebugGame_Editor|Win32
		{653CA320-8F4C-464B-AE36-D2C7AE51E867}.DebugGame Editor|IOS.ActiveCfg = IOS_DebugGame_Editor|Win32
		{653CA320-8F4C-464B-AE36-D2C7AE51E867}.DebugGame Editor|Win32.ActiveCfg = DebugGame_Editor|Win32
		{653CA320-8F4C-464B-AE36-D2C7AE51E867}.DebugGame Editor|Win64.ActiveCfg = DebugGame_Editor|x64
		{653CA320-8F4C-464B-AE36-D2C7AE51E867}.DebugGame Editor|Win64.Build.0 = DebugGame_Editor|x64
		{653CA320-8F4C-464B-AE36-D2C7AE51E867}.DebugGame|HTML5.ActiveCfg = HTML5_DebugGame_Game|Win32
		{653CA320-8F4C-464B-AE36-D2C7AE51E867}.DebugGame|HTML5.Build.0 = HTML5_DebugGame_Game|Win32
		{653CA320-8F4C-464B-AE36-D2C7AE51E867}.DebugGame|IOS.ActiveCfg = IOS_DebugGame_Game|Win32
		{653CA320-8F4C-464B-AE36-D2C7AE51E867}.DebugGame|IOS.Build.0 = IOS_DebugGame_Game|Win32
		{653CA320-8F4C-464B-AE36-D2C7AE51E867}.DebugGame|Win32.ActiveCfg = DebugGame_Game|Win32
		{653CA320-8F4C-464B-AE36-D2C7AE51E867}.DebugGame|Win32.Build.0 = DebugGame_Game|Win32
		{653CA320-8F4C-464B-AE36-D2C7AE51E867}.DebugGame|Win64.ActiveCfg = DebugGame_Game|x64
		{653CA320-8F4C-464B-AE36-D2C7AE51E867}.DebugGame|Win64.Build.0 = DebugGame_Game|x64
		{653CA320-8F4C-464B-AE36-D2C7AE51E867}.Development Editor|HTML5.ActiveCfg = HTML5_Development_Editor|Win32
		{653CA320-8F4C-464B-AE36-D2C7AE51E867}.Development Editor|IOS.ActiveCfg = IOS_Development_Editor|Win32
		{653CA320-8F4C-464B-AE36-D2C7AE51E867}.Development Editor|Win32.ActiveCfg = Development_Editor|Win32
		{653CA320-8F4C-464B-AE36-D2C7AE51E867}.Development Editor|Win64.ActiveCfg = Development_Editor|x64
		{653CA320-8F4C-464B-AE36-D2C7AE51E867}.Development Editor|Win64.Build.0 = Development_Editor|x64
		{653CA320-8F4C-464B-AE36-D2C7AE51E867}.Development|HTML5.ActiveCfg = HTML5_Development_Game|Win32
		{653CA320-8F4C-464B-AE36-D2C7AE51E867}.Development|HTML5.Build.0 = HTML5_Development_Game|Win32
		{653CA320-8F4C-464B-AE36-D2C7AE51E867}.Development|IOS.ActiveCfg = IOS_Development_Game|Win32
		{653CA320-8F4C-464B-AE36-D2C7AE51E867}.Development|IOS.Build.0 = IOS_Development_Game|Win32
		{653CA320-8F4C-464B-AE36-D2C7AE51E867}.Development|Win32.ActiveCfg = Development_Game|Win32
		{653CA320-8F4C-464B-AE36-D2C7AE51E867}.Development|Win32.Build.0 = Development_Game|Win32
		{653CA320-8F4C-464B-AE36-D2C7AE51E867}.Development|Win64.ActiveCfg = Development_Game|x64
		{653CA320-8F4C-464B-AE36-D2C7AE51E867}.Development|Win64.Build.0 = Development_Game|x64
		{653CA320-8F4C-464B-AE36-D2C7AE51E867}.Shipping|HTML5.ActiveCfg = HTML5_Shipping_Game|Win32
		{653CA320-8F4C-464B-AE36-D2C7AE51E867}.Shipping|HTML5.Build.0 = HTML5_Shipping_Game|Win32
		{653CA320-8F4C-464B-AE36-D2C7AE51E867}.Shipping|IOS.ActiveCfg = IOS_Shipping_Game|Win32
		{653CA320-8F4C-464B-AE36-D2C7AE51E867}.Shipping|IOS.Build.0 = IOS_Shipping_Game|Win32
		{653CA320-8F4C-464B-AE36-D2C7AE51E867}.Shipping|Win32.ActiveCfg = Shipping_Game|Win32
		{653CA320-8F4C-464B-AE36-D2C7AE51E867}.Shipping|Win32.Build.0 = Shipping_Game|Win32
		{653CA320-8F4C-464B-AE36-D2C7AE51E867}.Shipping|Win64.ActiveCfg = Shipping_Game|x64
		{653CA320-8F4C-464B-AE36-D2C7AE51E867}.Shipping|Win64.Build.0 = Shipping_Game|x64
	EndGlobalSection
	GlobalSection(SolutionProperties) = preSolution
		HideSolutionNode = FALSE
	EndGlobalSection
	GlobalSection(NestedProjects) = preSolution
		{B642F7BD-CEA4-4566-8F47-D7DD56CF208F} = {E642E98A-DB6A-4C71-94AE-1DA83E2BF9D3}
		{653CA320-8F4C-464B-AE36-D2C7AE51E867} = {8B77EBFF-FD05-4824-B27F-6B9692FD59CB}
	EndGlobalSection
EndGlobal
